
Microsoft Visual Studio Solution File, Format Version 12.00
# Visual Studio 15
VisualStudioVersion = 15.0.26730.16
MinimumVisualStudioVersion = 10.0.40219.1
Project("{FAE04EC0-301F-11D3-BF4B-00C04F79EFBC}") = "Profiles", "Profiles\Profiles.csproj", "{A59FD499-8E6F-4510-BF79-030440B5AEAA}"
EndProject
Global
	GlobalSection(SolutionConfigurationPlatforms) = preSolution
		Debug|Any CPU = Debug|Any CPU
		Release|Any CPU = Release|Any CPU
	EndGlobalSection
	GlobalSection(ProjectConfigurationPlatforms) = postSolution
		{A59FD499-8E6F-4510-BF79-030440B5AEAA}.Debug|Any CPU.ActiveCfg = Debug|Any CPU
		{A59FD499-8E6F-4510-BF79-030440B5AEAA}.Debug|Any CPU.Build.0 = Debug|Any CPU
		{A59FD499-8E6F-4510-BF79-030440B5AEAA}.Debug|Any CPU.Deploy.0 = Debug|Any CPU
		{A59FD499-8E6F-4510-BF79-030440B5AEAA}.Release|Any CPU.ActiveCfg = Release|Any CPU
		{A59FD499-8E6F-4510-BF79-030440B5AEAA}.Release|Any CPU.Build.0 = Release|Any CPU
		{A59FD499-8E6F-4510-BF79-030440B5AEAA}.Release|Any CPU.Deploy.0 = Release|Any CPU
	EndGlobalSection
	GlobalSection(SolutionProperties) = preSolution
		HideSolutionNode = FALSE
	EndGlobalSection
	GlobalSection(ExtensibilityGlobals) = postSolution
		SolutionGuid = {ABC359BD-3DD4-4832-BF9E-875B37C931ED}
	EndGlobalSection
EndGlobal
